{
    "_meta": {
        "hash": {
            "sha256": "7dd2c4bba1d99714c35154c55db68df39116832289c4da620f7c603fc754914d"
        },
        "pipfile-spec": 6,
        "requires": {},
        "sources": [
            {
                "url": "https://pypi.python.org/simple",
                "verify_ssl": true
            }
        ]
    },
    "default": {
        "certifi": {
            "hashes": [
                "sha256:78884e7c1d4b00ce3cea67b44566851c4343c120abd683433ce934a68ea58872",
                "sha256:d62a0163eb4c2344ac042ab2bdf75399a71a2d8c7d47eac2e2ee91b9d6339569"
            ],
            "version": "==2021.10.8"
        },
        "charset-normalizer": {
            "hashes": [
                "sha256:e019de665e2bcf9c2b64e2e5aa025fa991da8720daa3c1138cadd2fd1856aed0",
                "sha256:f7af805c321bfa1ce6714c51f254e0d5bb5e5834039bc17db7ebe3a4cec9492b"
            ],
            "markers": "python_version >= '3'",
            "version": "==2.0.7"
        },
        "click": {
            "hashes": [
                "sha256:29f99fc6125fbc931b758dc053b3114e55c77a6e4c6c3a2674a2dc986016381d",
                "sha256:f15516df478d5a56180fbf80e68f206010e6d160fc39fa508b65e035fd75130b"
            ],
            "version": "==6.7"
        },
        "dropbox": {
            "hashes": [
                "sha256:34fe06b735358f4454d59e2ea3dadff63fa03e0763b7fbd45a55d31b0384bc7d",
                "sha256:4206b2fe239eb2cf7ed30e2425e0d41800f3207b34dfcf949164ed42b40cc81f",
                "sha256:acb85a33b4f977de11facb7516b4e0c9d5325920e71a2a26d39df383d34fefec"
            ],
            "version": "==7.2.1"
        },
        "idna": {
            "hashes": [
                "sha256:84d9dd047ffa80596e0f246e2eab0b391788b0503584e8945f2368256d2735ff",
                "sha256:9d643ff0a55b762d5cdb124b8eaa99c66322e2157b69160bc32796e824360e6d"
            ],
            "markers": "python_version >= '3'",
            "version": "==3.3"
        },
        "python-dateutil": {
            "hashes": [
                "sha256:3acbef017340600e9ff8f2994d8f7afd6eacb295383f286466a6df3961e486f0",
                "sha256:537bf2a8f8ce6f6862ad705cd68f9e405c0b5db014aa40fa29eab4335d4b1716",
                "sha256:62a2f8df3d66f878373fd0072eacf4ee52194ba302e00082828e0d263b0418d2"
            ],
            "version": "==2.6.0"
        },
        "requests": {
            "hashes": [
                "sha256:6c1246513ecd5ecd4528a0906f910e8f0f9c6b8ec72030dc9fd154dc1a6efd24",
                "sha256:b8aa58f8cf793ffd8782d3d8cb19e66ef36f7aba4353eec859e74678b01b07a7"
            ],
            "markers": "python_version >= '2.7' and python_version not in '3.0, 3.1, 3.2, 3.3, 3.4, 3.5'",
            "version": "==2.26.0"
        },
        "six": {
            "hashes": [
                "sha256:1e61c37477a1626458e36f7b1d82aa5c9b094fa4802892072e49de9c60c4c926",
                "sha256:8abb2f1d86890a2dfb989f9a77cfcfd3e47c2a354b01111771326f8aa26e0254"
            ],
            "markers": "python_version >= '2.7' and python_version not in '3.0, 3.1, 3.2, 3.3'",
            "version": "==1.16.0"
        },
        "typing": {
            "hashes": [
                "sha256:1187fb9c82fd670d10aa07bbb6cfcfe4bdda42d6fab8d5134f04e8c4d0b71cc9",
                "sha256:283d868f5071ab9ad873e5e52268d611e851c870a2ba354193026f2dfb29d8b5"
            ],
            "markers": "python_version >= '2.7' and python_version not in '3.0, 3.1, 3.2, 3.3'",
            "version": "==3.7.4.3"
        },
        "urllib3": {
            "hashes": [
                "sha256:4987c65554f7a2dbf30c18fd48778ef124af6fab771a377103da0585e2336ece",
                "sha256:c4fdf4019605b6e5423637e01bc9fe4daef873709a7973e195ceba0a62bbc844"
            ],
            "markers": "python_version >= '2.7' and python_version not in '3.0, 3.1, 3.2, 3.3, 3.4' and python_version < '4'",
            "version": "==1.26.7"
        }
    },
    "develop": {
        "alabaster": {
            "hashes": [
                "sha256:446438bdcca0e05bd45ea2de1668c1d9b032e1a9154c2c259092d77031ddd359",
                "sha256:a661d72d58e6ea8a57f7a86e37d86716863ee5e92788398526d58b26a4e4dc02"
            ],
            "version": "==0.7.12"
        },
        "args": {
            "hashes": [
                "sha256:a785b8d837625e9b61c39108532d95b85274acd679693b71ebb5156848fcf814"
            ],
            "version": "==0.1.0"
        },
        "babel": {
            "hashes": [
                "sha256:ab49e12b91d937cd11f0b67cb259a57ab4ad2b59ac7a3b41d6c06c0ac5b0def9",
                "sha256:bc0c176f9f6a994582230df350aa6e05ba2ebe4b3ac317eab29d9be5d2768da0"
            ],
            "version": "==2.9.1"
        },
        "backports.entry-points-selectable": {
            "hashes": [
                "sha256:988468260ec1c196dab6ae1149260e2f5472c9110334e5d51adcb77867361f6a",
                "sha256:a6d9a871cde5e15b4c4a53e3d43ba890cc6861ec1332c9c2428c92f977192acc"
            ],
            "markers": "python_version >= '2.7'",
            "version": "==1.1.0"
        },
        "blessings": {
            "hashes": [
                "sha256:98e5854d805f50a5b58ac2333411b0482516a8210f23f43308baeb58d77c157d",
                "sha256:b1fdd7e7a675295630f9ae71527a8ebc10bfefa236b3d6aa4932ee4462c17ba3",
                "sha256:caad5211e7ba5afe04367cdd4cfc68fa886e2e08f6f35e76b7387d2109ccea6e"
            ],
            "markers": "python_version >= '2.7' and python_version not in '3.0, 3.1, 3.2, 3.3'",
            "version": "==1.7"
        },
        "bpython": {
            "hashes": [
                "sha256:2e1466059cafbbcfd232e8e7ead821daf520bc7b2ccb02bca6a98ff8b0ef18d9",
                "sha256:faf3ddf602bd8ad7f133011778966333b9dcefbc3100df27a200b648906f655f"
            ],
            "version": "==0.16"
        },
        "bumpversion": {
            "hashes": [
                "sha256:6744c873dd7aafc24453d8b6a1a0d6d109faf63cd0cd19cb78fd46e74932c77e",
                "sha256:6753d9ff3552013e2130f7bc03c1007e24473b4835952679653fb132367bdd57"
            ],
            "version": "==0.5.3"
        },
        "certifi": {
            "hashes": [
                "sha256:78884e7c1d4b00ce3cea67b44566851c4343c120abd683433ce934a68ea58872",
                "sha256:d62a0163eb4c2344ac042ab2bdf75399a71a2d8c7d47eac2e2ee91b9d6339569"
            ],
            "version": "==2021.10.8"
        },
        "charset-normalizer": {
            "hashes": [
                "sha256:e019de665e2bcf9c2b64e2e5aa025fa991da8720daa3c1138cadd2fd1856aed0",
                "sha256:f7af805c321bfa1ce6714c51f254e0d5bb5e5834039bc17db7ebe3a4cec9492b"
            ],
            "markers": "python_version >= '3'",
            "version": "==2.0.7"
        },
        "clint": {
            "hashes": [
                "sha256:05224c32b1075563d0b16d0015faaf9da43aa214e4a2140e51f08789e7a4c5aa"
            ],
            "version": "==0.5.1"
        },
        "coverage": {
            "hashes": [
                "sha256:01406019418aabb2d4741647cc79b0e0deb0b8c5a6f936936c303e2f82ec8e5b",
                "sha256:01a07b2b9212d4da3a1294436b58ac53f1d7aa445bda666648a5357048dc7ef3",
                "sha256:024682371464c6e3caa975aba12b4d5428f35613489340fce1334c74d590a057",
                "sha256:07c15c4a2287116a41d5966f1f5a7be765640c2e5a1917f882850a24615db6d3",
                "sha256:0962e9764e44172a72fa6e486aeb87d714f7018619ff41eb7c67b03fc53d122a",
                "sha256:175b36d5148ec287ed4c0322d6af0d676e5bc395719efb1ad84cdbc38226685d",
                "sha256:1ca0f9f505a10a03703c89a1957aa3b5c869fdaaace82aa354cbbb8311bd7428",
                "sha256:1d23dea598fb4d61a8577d0eb0cb2b7932db0c8d2e1394088ad5f64e3fe1febf",
                "sha256:1eeb9de833c3b976ee118a8d838af437bfa596bf60a5bf0705f4370e6d181a52",
                "sha256:20d47752ec80b6c950dd7f777ac56cb1b0fe733133edebc4af066c70ddf17913",
                "sha256:229ab9c0d53c55d698b8784d53077bef7a5f1fb5d27e90dc7b6f91243b024513",
                "sha256:2324355f952b461b686c2ade07f52340052a0320fa09c4408dfe66dd7e1af7ed",
                "sha256:2f5a8bf29bdc69976d0913745daab11f8265e46ec41153f5e1e1794088019dad",
                "sha256:2f959bc1b40a3ef2c5f0c7bc282226d6d4bd585b239bcce321013afc18ff0a0f",
                "sha256:36407249a0b6669c6ad4425b0f29685579df745480c03afa70f101f09f4eead3",
                "sha256:3cf1f6a1293febd4ffd035b6bd9347d8a9331395c9d67e78cec510fc9cfd505f",
                "sha256:3efa49e3da8f32071ee3d5d464cc6b6f8818524d4099b4a94b86a70b8c88d4f5",
                "sha256:422bcc6270e1c0cd9043048ce244f49072e9bd78a2c028c2ad2cfd58c79f5936",
                "sha256:4fa2b181c3bf94cfdf841148d5d9abcab1890188dd908a639bcf7a38c50092bc",
                "sha256:565ff61f5887bf14fc766c9bf4d234c1195da414a3270c10470275e6cf271a34",
                "sha256:57c0c217270e628380f4befbbf8c5312b88ba7d81fd3d1b2218a25a2608f603c",
                "sha256:6ae76a6cd594107ad45525278e8addeae4628a59c8cde3999548d7fe1646465b",
                "sha256:6c9bd3924052151b1a4f157d860f57d17708962deb4258739ae406d9376da77d",
                "sha256:6d3c762c87062a29771015f942752caef42fcc7fe4be2b03186f96788242290c",
                "sha256:79e1bb54b48e3a3424361659cd64b14fa3cf07060aa46345aa6ebaca1dd9c92d",
                "sha256:8a82664931a071399d703d65af2521e2202b34f2d8db20fa22a922fec0339022",
                "sha256:8b282292973a1dc4eccfcc0776e0fde75b5b3de2e35164c2d854f7dd80149e4b",
                "sha256:9a7874ca91cee8714277cd6d1b52374809ab925bf6ae92607bf02509019caadb",
                "sha256:9c3e6551597593c1afedcbccf1371995f94457aea82cac726d1f3a25f4507386",
                "sha256:9ddd809ce195ec60aec6d8dacec433b1ac55f6076f773253208dd35dfd9b59bc",
                "sha256:a791068e1bbe443fcd3179b1c180c27a7fc58c1554b0d10311b7659d2d2d76f5",
                "sha256:adf04843188418b012dd1974e397a7ac3faa1855cbcd69083e3af4da6de9dd81",
                "sha256:adfbbd4a1d22fd77b13ff992946b19873407e035504abe9ba537494fe013300f",
                "sha256:b25aa3531220faaf1727fc29bc000798476b4a30f429dc07898d5da48caefa15",
                "sha256:c12f34c0b50e9e8bf8c049b6c8ca59929c33cea4b1c48362c99c36838c1ee025",
                "sha256:c736faa1688222a6c8a5d8be4b66ec373ad6dab27fced8ca0d2c80fed70ac6e3",
                "sha256:ca36d83cd591d027952e5019149c4386e7058cd674bf8cb52dc622f768d689e9",
                "sha256:e1fb21a807aa0b5cc79806d8ef09078acaa83f994e15f0f7277489ca8eda51b7",
                "sha256:e53199ae110cb7e250dd5505fde34452514f4eb2f1fb7532270d2ea037454b09",
                "sha256:ea9808001dcf34d368cbef430e7885fdc76a2cf8ea96a8ed8b653797dd9555bb",
                "sha256:eaaefe0f6aa33de5a65f48dd0040d7fe08cac9ac6c35a56d0a7db109c3e733df",
                "sha256:f27772c9ee88ed3f2a784181f3d1724561499e7e448ed1706153336baa706bd5",
                "sha256:f99066d76274800145a2e658026b30962eb5079346249197e88b55c9a7855e6a",
                "sha256:fd3373ccd561b79932d12a986674e642816cfc4db4507b6a22ab30c318a85429"
            ],
            "version": "==4.3.4"
        },
        "curtsies": {
            "hashes": [
                "sha256:11efbb153d9cb22223dd9a44041ea0c313b8411e246e7f684aa843f6aa9c1600"
            ],
            "markers": "python_version >= '3.6'",
            "version": "==0.3.10"
        },
        "cwcwidth": {
            "hashes": [
                "sha256:106efcbe26c495720cdfd4694e4c191ce1a3c1268b2d90356c875fd109d78a46",
                "sha256:1dc35642fd1a26ce63236c18d7d4a32909be2b1e99b272be95859872f97d1d28",
                "sha256:21701b63cc4e287a197e65c033583bbea674ec7176f983c5fff77fa82118d440",
                "sha256:23fa1021135b8b99e9d4478097ce42aaa17d957c037d5a76e990de20262d76d4",
                "sha256:268775831c952d45cf8165bc9168585868e933a87b72f6f1bd35230ad5206f1f",
                "sha256:2c840e7d85f6de45c45986b416d79312c91882e1121b78d4c347e49c4238c09d",
                "sha256:3fe12ba738548ff5ad3081621d22b7bff97fa78258c44a6586e97ec4f1430739",
                "sha256:4a25161e4302413b8b4c3379b29c1adcbe04c05380a6dfc8e4eb0e3938e4b3f9",
                "sha256:4c3ab17f0ee34d71b7de12d543eb40f1a6aae9339c9221b96b06970e6299bd10",
                "sha256:66addcb77a16d3e1ab817bea337ffb2509c57af6d91f5515c37811b081e7a448",
                "sha256:672b0d4b9d39642c023a80daf4a8623b3aa63a31275c20f705569e3b50021b06",
                "sha256:6fbbdbc742d78d732f0cfd3f69672f3805ec6c766f14460f8c392f624ea7af09",
                "sha256:77c0492c65555dfd022635ffc83365bbf2b15e95fde030b95ee9b2409ce98909",
                "sha256:9321274eca7fd4323a3f0eb472d08a08dfa7e2e0d797b713167d5106e41c92ad",
                "sha256:a6385cfdb3f0cfd4f42ab73d2c965e8f133f4f78ad56a7495f6e5924165a6c73",
                "sha256:a6a1b285655c7c86ceebe241f722fe19ccdef4891f7dced8cd818c966b6bb9d9",
                "sha256:ae134791ea6024bc0397f6b6a15d398f31167ad4b71190278e9c02178dad6948",
                "sha256:b05739a439f815c85b47abfb3fea301354762950142539d13263a353f21a90f6",
                "sha256:d3dc22afbaeba3b3a168e6a15e194d55fb63f01720feee53051b62f0f1c6165f",
                "sha256:f1777c325f7153b4e430d540a3ae2e8595b8117c10e5e3c2f65862af95ff94f5",
                "sha256:f57a3784c799553a67d5ebc2c4854d4cc95e8c2c01f10861b97a0a829c09c36e"
            ],
            "markers": "python_version >= '3.6'",
            "version": "==0.1.5"
        },
        "distlib": {
            "hashes": [
                "sha256:c8b54e8454e5bf6237cc84c20e8264c3e991e824ef27e8f1e81049867d861e31",
                "sha256:d982d0751ff6eaaab5e2ec8e691d949ee80eddf01a62eaa96ddb11531fe16b05"
            ],
            "version": "==0.3.3"
        },
        "docutils": {
            "hashes": [
                "sha256:686577d2e4c32380bb50cbb22f575ed742d58168cee37e99117a854bcd88f125",
                "sha256:cf316c8370a737a022b72b56874f6602acf974a37a9fba42ec2876387549fc61"
            ],
            "markers": "python_version >= '2.7' and python_version not in '3.0, 3.1, 3.2, 3.3, 3.4'",
            "version": "==0.17.1"
        },
        "filelock": {
            "hashes": [
                "sha256:2b5eb3589e7fdda14599e7eb1a50e09b4cc14f34ed98b8ba56d33bfaafcbef2f",
                "sha256:34a9f35f95c441e7b38209775d6e0337f9a3759f3565f6c5798f19618527c76f"
            ],
            "markers": "python_version >= '3.6'",
            "version": "==3.3.1"
        },
        "flake8": {
            "hashes": [
                "sha256:83905eadba99f73fbfe966598aaf1682b3eb6755d2263c5b33a4e8367d60b0d1",
                "sha256:b907a26dcf5580753d8f80f1be0ec1d5c45b719f7bac441120793d1a70b03f12"
            ],
            "version": "==3.3.0"
        },
        "flake8-isort": {
            "hashes": [
                "sha256:08d08a97770d945e0c8556cc78b6dbbd4b38d2b771bd251c1baf2d92c7b59bac",
                "sha256:e878b20d421828ad00cf5133c3ad66eea9b657ba0876af22e66d1ec45742fb95"
            ],
            "version": "==2.1.3"
        },
        "flake8-polyfill": {
            "hashes": [
                "sha256:12be6a34ee3ab795b19ca73505e7b55826d5f6ad7230d31b18e106400169b9e9",
                "sha256:e44b087597f6da52ec6393a709e7108b2905317d0c0b744cdca6208e670d8eda"
            ],
            "version": "==1.0.2"
        },
        "greenlet": {
            "hashes": [
                "sha256:00e44c8afdbe5467e4f7b5851be223be68adb4272f44696ee71fe46b7036a711",
                "sha256:013d61294b6cd8fe3242932c1c5e36e5d1db2c8afb58606c5a67efce62c1f5fd",
                "sha256:049fe7579230e44daef03a259faa24511d10ebfa44f69411d99e6a184fe68073",
                "sha256:14d4f3cd4e8b524ae9b8aa567858beed70c392fdec26dbdb0a8a418392e71708",
                "sha256:166eac03e48784a6a6e0e5f041cfebb1ab400b394db188c48b3a84737f505b67",
                "sha256:17ff94e7a83aa8671a25bf5b59326ec26da379ace2ebc4411d690d80a7fbcf23",
                "sha256:1e12bdc622676ce47ae9abbf455c189e442afdde8818d9da983085df6312e7a1",
                "sha256:21915eb821a6b3d9d8eefdaf57d6c345b970ad722f856cd71739493ce003ad08",
                "sha256:288c6a76705dc54fba69fbcb59904ae4ad768b4c768839b8ca5fdadec6dd8cfd",
                "sha256:32ca72bbc673adbcfecb935bb3fb1b74e663d10a4b241aaa2f5a75fe1d1f90aa",
                "sha256:356b3576ad078c89a6107caa9c50cc14e98e3a6c4874a37c3e0273e4baf33de8",
                "sha256:40b951f601af999a8bf2ce8c71e8aaa4e8c6f78ff8afae7b808aae2dc50d4c40",
                "sha256:572e1787d1460da79590bf44304abbc0a2da944ea64ec549188fa84d89bba7ab",
                "sha256:58df5c2a0e293bf665a51f8a100d3e9956febfbf1d9aaf8c0677cf70218910c6",
                "sha256:64e6175c2e53195278d7388c454e0b30997573f3f4bd63697f88d855f7a6a1fc",
                "sha256:7227b47e73dedaa513cdebb98469705ef0d66eb5a1250144468e9c3097d6b59b",
                "sha256:7418b6bfc7fe3331541b84bb2141c9baf1ec7132a7ecd9f375912eca810e714e",
                "sha256:7cbd7574ce8e138bda9df4efc6bf2ab8572c9aff640d8ecfece1b006b68da963",
                "sha256:7ff61ff178250f9bb3cd89752df0f1dd0e27316a8bd1465351652b1b4a4cdfd3",
                "sha256:833e1551925ed51e6b44c800e71e77dacd7e49181fdc9ac9a0bf3714d515785d",
                "sha256:8639cadfda96737427330a094476d4c7a56ac03de7265622fcf4cfe57c8ae18d",
                "sha256:8c790abda465726cfb8bb08bd4ca9a5d0a7bd77c7ac1ca1b839ad823b948ea28",
                "sha256:8d2f1fb53a421b410751887eb4ff21386d119ef9cde3797bf5e7ed49fb51a3b3",
                "sha256:903bbd302a2378f984aef528f76d4c9b1748f318fe1294961c072bdc7f2ffa3e",
                "sha256:93f81b134a165cc17123626ab8da2e30c0455441d4ab5576eed73a64c025b25c",
                "sha256:95e69877983ea39b7303570fa6760f81a3eec23d0e3ab2021b7144b94d06202d",
                "sha256:9633b3034d3d901f0a46b7939f8c4d64427dfba6bbc5a36b1a67364cf148a1b0",
                "sha256:97e5306482182170ade15c4b0d8386ded995a07d7cc2ca8f27958d34d6736497",
                "sha256:9f3cba480d3deb69f6ee2c1825060177a22c7826431458c697df88e6aeb3caee",
                "sha256:aa5b467f15e78b82257319aebc78dd2915e4c1436c3c0d1ad6f53e47ba6e2713",
                "sha256:abb7a75ed8b968f3061327c433a0fbd17b729947b400747c334a9c29a9af6c58",
                "sha256:aec52725173bd3a7b56fe91bc56eccb26fbdff1386ef123abb63c84c5b43b63a",
                "sha256:b11548073a2213d950c3f671aa88e6f83cda6e2fb97a8b6317b1b5b33d850e06",
                "sha256:b1692f7d6bc45e3200844be0dba153612103db241691088626a33ff1f24a0d88",
                "sha256:b92e29e58bef6d9cfd340c72b04d74c4b4e9f70c9fa7c78b674d1fec18896dc4",
                "sha256:be5f425ff1f5f4b3c1e33ad64ab994eed12fc284a6ea71c5243fd564502ecbe5",
                "sha256:dd0b1e9e891f69e7675ba5c92e28b90eaa045f6ab134ffe70b52e948aa175b3c",
                "sha256:e30f5ea4ae2346e62cedde8794a56858a67b878dd79f7df76a0767e356b1744a",
                "sha256:e6a36bb9474218c7a5b27ae476035497a6990e21d04c279884eb10d9b290f1b1",
                "sha256:e859fcb4cbe93504ea18008d1df98dee4f7766db66c435e4882ab35cf70cac43",
                "sha256:eb6ea6da4c787111adf40f697b4e58732ee0942b5d3bd8f435277643329ba627",
                "sha256:ec8c433b3ab0419100bd45b47c9c8551248a5aee30ca5e9d399a0b57ac04651b",
                "sha256:eff9d20417ff9dcb0d25e2defc2574d10b491bf2e693b4e491914738b7908168",
                "sha256:f0214eb2a23b85528310dad848ad2ac58e735612929c8072f6093f3585fd342d",
                "sha256:f276df9830dba7a333544bd41070e8175762a7ac20350786b322b714b0e654f5",
                "sha256:f3acda1924472472ddd60c29e5b9db0cec629fbe3c5c5accb74d6d6d14773478",
                "sha256:f70a9e237bb792c7cc7e44c531fd48f5897961701cdaa06cf22fc14965c496cf",
                "sha256:f9d29ca8a77117315101425ec7ec2a47a22ccf59f5593378fc4077ac5b754fce",
                "sha256:fa877ca7f6b48054f847b61d6fa7bed5cebb663ebc55e018fda12db09dcc664c",
                "sha256:fdcec0b8399108577ec290f55551d926d9a1fa6cad45882093a7a07ac5ec147b"
            ],
            "markers": "python_version >= '2.7' and python_version not in '3.0, 3.1, 3.2, 3.3, 3.4'",
            "version": "==1.1.2"
        },
        "idna": {
            "hashes": [
                "sha256:84d9dd047ffa80596e0f246e2eab0b391788b0503584e8945f2368256d2735ff",
                "sha256:9d643ff0a55b762d5cdb124b8eaa99c66322e2157b69160bc32796e824360e6d"
            ],
            "markers": "python_version >= '3'",
            "version": "==3.3"
        },
        "imagesize": {
            "hashes": [
                "sha256:6965f19a6a2039c7d48bca7dba2473069ff854c36ae6f19d2cde309d998228a1",
                "sha256:b1f6b5a4eab1f73479a50fb79fcf729514a900c341d8503d62a62dbc4127a2b1"
            ],
            "markers": "python_version >= '2.7' and python_version not in '3.0, 3.1, 3.2, 3.3'",
            "version": "==1.2.0"
        },
        "isort": {
            "hashes": [
                "sha256:9c2ea1e62d871267b78307fe511c0838ba0da28698c5732d54e2790bf3ba9899",
                "sha256:e17d6e2b81095c9db0a03a8025a957f334d6ea30b26f9ec70805411e5c7c81f2"
            ],
            "markers": "python_version < '4.0' and python_full_version >= '3.6.1'",
            "version": "==5.9.3"
        },
        "jinja2": {
            "hashes": [
                "sha256:827a0e32839ab1600d4eb1c4c33ec5a8edfbc5cb42dafa13b81f182f97784b45",
                "sha256:8569982d3f0889eed11dd620c706d39b60c36d6d25843961f33f77fb6bc6b20c"
            ],
            "markers": "python_version >= '3.6'",
            "version": "==3.0.2"
        },
        "markupsafe": {
            "hashes": [
                "sha256:01a9b8ea66f1658938f65b93a85ebe8bc016e6769611be228d797c9d998dd298",
                "sha256:023cb26ec21ece8dc3907c0e8320058b2e0cb3c55cf9564da612bc325bed5e64",
                "sha256:0446679737af14f45767963a1a9ef7620189912317d095f2d9ffa183a4d25d2b",
                "sha256:0717a7390a68be14b8c793ba258e075c6f4ca819f15edfc2a3a027c823718567",
                "sha256:0955295dd5eec6cb6cc2fe1698f4c6d84af2e92de33fbcac4111913cd100a6ff",
                "sha256:0d4b31cc67ab36e3392bbf3862cfbadac3db12bdd8b02a2731f509ed5b829724",
                "sha256:10f82115e21dc0dfec9ab5c0223652f7197feb168c940f3ef61563fc2d6beb74",
                "sha256:168cd0a3642de83558a5153c8bd34f175a9a6e7f6dc6384b9655d2697312a646",
                "sha256:1d609f577dc6e1aa17d746f8bd3c31aa4d258f4070d61b2aa5c4166c1539de35",
                "sha256:1f2ade76b9903f39aa442b4aadd2177decb66525062db244b35d71d0ee8599b6",
                "sha256:2a7d351cbd8cfeb19ca00de495e224dea7e7d919659c2841bbb7f420ad03e2d6",
                "sha256:2d7d807855b419fc2ed3e631034685db6079889a1f01d5d9dac950f764da3dad",
                "sha256:2ef54abee730b502252bcdf31b10dacb0a416229b72c18b19e24a4509f273d26",
                "sha256:36bc903cbb393720fad60fc28c10de6acf10dc6cc883f3e24ee4012371399a38",
                "sha256:37205cac2a79194e3750b0af2a5720d95f786a55ce7df90c3af697bfa100eaac",
                "sha256:3c112550557578c26af18a1ccc9e090bfe03832ae994343cfdacd287db6a6ae7",
                "sha256:3dd007d54ee88b46be476e293f48c85048603f5f516008bee124ddd891398ed6",
                "sha256:47ab1e7b91c098ab893b828deafa1203de86d0bc6ab587b160f78fe6c4011f75",
                "sha256:49e3ceeabbfb9d66c3aef5af3a60cc43b85c33df25ce03d0031a608b0a8b2e3f",
                "sha256:4efca8f86c54b22348a5467704e3fec767b2db12fc39c6d963168ab1d3fc9135",
                "sha256:53edb4da6925ad13c07b6d26c2a852bd81e364f95301c66e930ab2aef5b5ddd8",
                "sha256:5855f8438a7d1d458206a2466bf82b0f104a3724bf96a1c781ab731e4201731a",
                "sha256:594c67807fb16238b30c44bdf74f36c02cdf22d1c8cda91ef8a0ed8dabf5620a",
                "sha256:5bb28c636d87e840583ee3adeb78172efc47c8b26127267f54a9c0ec251d41a9",
                "sha256:60bf42e36abfaf9aff1f50f52644b336d4f0a3fd6d8a60ca0d054ac9f713a864",
                "sha256:611d1ad9a4288cf3e3c16014564df047fe08410e628f89805e475368bd304914",
                "sha256:6557b31b5e2c9ddf0de32a691f2312a32f77cd7681d8af66c2692efdbef84c18",
                "sha256:693ce3f9e70a6cf7d2fb9e6c9d8b204b6b39897a2c4a1aa65728d5ac97dcc1d8",
                "sha256:6a7fae0dd14cf60ad5ff42baa2e95727c3d81ded453457771d02b7d2b3f9c0c2",
                "sha256:6c4ca60fa24e85fe25b912b01e62cb969d69a23a5d5867682dd3e80b5b02581d",
                "sha256:6fcf051089389abe060c9cd7caa212c707e58153afa2c649f00346ce6d260f1b",
                "sha256:7d91275b0245b1da4d4cfa07e0faedd5b0812efc15b702576d103293e252af1b",
                "sha256:905fec760bd2fa1388bb5b489ee8ee5f7291d692638ea5f67982d968366bef9f",
                "sha256:97383d78eb34da7e1fa37dd273c20ad4320929af65d156e35a5e2d89566d9dfb",
                "sha256:984d76483eb32f1bcb536dc27e4ad56bba4baa70be32fa87152832cdd9db0833",
                "sha256:99df47edb6bda1249d3e80fdabb1dab8c08ef3975f69aed437cb69d0a5de1e28",
                "sha256:a30e67a65b53ea0a5e62fe23682cfe22712e01f453b95233b25502f7c61cb415",
                "sha256:ab3ef638ace319fa26553db0624c4699e31a28bb2a835c5faca8f8acf6a5a902",
                "sha256:add36cb2dbb8b736611303cd3bfcee00afd96471b09cda130da3581cbdc56a6d",
                "sha256:b2f4bf27480f5e5e8ce285a8c8fd176c0b03e93dcc6646477d4630e83440c6a9",
                "sha256:b7f2d075102dc8c794cbde1947378051c4e5180d52d276987b8d28a3bd58c17d",
                "sha256:baa1a4e8f868845af802979fcdbf0bb11f94f1cb7ced4c4b8a351bb60d108145",
                "sha256:be98f628055368795d818ebf93da628541e10b75b41c559fdf36d104c5787066",
                "sha256:bf5d821ffabf0ef3533c39c518f3357b171a1651c1ff6827325e4489b0e46c3c",
                "sha256:c47adbc92fc1bb2b3274c4b3a43ae0e4573d9fbff4f54cd484555edbf030baf1",
                "sha256:d7f9850398e85aba693bb640262d3611788b1f29a79f0c93c565694658f4071f",
                "sha256:d8446c54dc28c01e5a2dbac5a25f071f6653e6e40f3a8818e8b45d790fe6ef53",
                "sha256:e0f138900af21926a02425cf736db95be9f4af72ba1bb21453432a07f6082134",
                "sha256:e9936f0b261d4df76ad22f8fee3ae83b60d7c3e871292cd42f40b81b70afae85",
                "sha256:f5653a225f31e113b152e56f154ccbe59eeb1c7487b39b9d9f9cdb58e6c79dc5",
                "sha256:f826e31d18b516f653fe296d967d700fddad5901ae07c622bb3705955e1faa94",
                "sha256:f8ba0e8349a38d3001fae7eadded3f6606f0da5d748ee53cc1dab1d6527b9509",
                "sha256:f9081981fe268bd86831e5c75f7de206ef275defcb82bc70740ae6dc507aee51",
                "sha256:fa130dd50c57d53368c9d59395cb5526eda596d3ffe36666cd81a44d56e48872"
            ],
            "markers": "python_version >= '3.6'",
            "version": "==2.0.1"
        },
        "mccabe": {
            "hashes": [
                "sha256:ab8a6258860da4b6677da4bd2fe5dc2c659cff31b3ee4f7f5d64e79735b80d42",
                "sha256:dd8d182285a0fe56bace7f45b5e7d1a6ebcbf524e8f3bd87eb0f125271b8831f"
            ],
            "version": "==0.6.1"
        },
        "packaging": {
            "hashes": [
                "sha256:7dc96269f53a4ccec5c0670940a4281106dd0bb343f47b7471f779df49c2fbe7",
                "sha256:c86254f9220d55e31cc94d69bade760f0847da8000def4dfe1c6b872fd14ff14"
            ],
            "markers": "python_version >= '3.6'",
            "version": "==21.0"
        },
        "pkginfo": {
            "hashes": [
                "sha256:37ecd857b47e5f55949c41ed061eb51a0bee97a87c969219d144c0e023982779",
                "sha256:e7432f81d08adec7297633191bbf0bd47faf13cd8724c3a13250e51d542635bd"
            ],
            "version": "==1.7.1"
        },
        "platformdirs": {
            "hashes": [
                "sha256:367a5e80b3d04d2428ffa76d33f124cf11e8fff2acdaa9b43d545f5c7d661ef2",
                "sha256:8868bbe3c3c80d42f20156f22e7131d2fb321f5bc86a2a345375c6481a67021d"
            ],
            "markers": "python_version >= '3.6'",
            "version": "==2.4.0"
        },
        "pluggy": {
            "hashes": [
                "sha256:15b2acde666561e1298d71b523007ed7364de07029219b604cf808bfa1c765b0",
                "sha256:966c145cd83c96502c3c3868f50408687b38434af77734af1e9ca461a4081d2d"
            ],
            "markers": "python_version >= '2.7' and python_version not in '3.0, 3.1, 3.2, 3.3'",
            "version": "==0.13.1"
        },
        "pockets": {
            "hashes": [
                "sha256:68597934193c08a08eb2bf6a1d85593f627c22f9b065cc727a4f03f669d96d86",
                "sha256:9320f1a3c6f7a9133fe3b571f283bcf3353cd70249025ae8d618e40e9f7e92b3"
            ],
            "version": "==0.9.1"
        },
        "py": {
            "hashes": [
                "sha256:21b81bda15b66ef5e1a777a21c4dcd9c20ad3efd0b3f817e7a809035269e1bd3",
                "sha256:3b80836aa6d1feeaa108e046da6423ab8f6ceda6468545ae8d02d9d58d18818a"
            ],
            "markers": "python_version >= '2.7' and python_version not in '3.0, 3.1, 3.2, 3.3'",
            "version": "==1.10.0"
        },
        "pycodestyle": {
            "hashes": [
                "sha256:682256a5b318149ca0d2a9185d365d8864a768a28db66a84a2ea946bcc426766",
                "sha256:6c4245ade1edfad79c3446fadfc96b0de2759662dc29d07d80a6f27ad1ca6ba9"
            ],
            "version": "==2.3.1"
        },
        "pyflakes": {
            "hashes": [
                "sha256:aa0d4dff45c0cc2214ba158d29280f8fa1129f3e87858ef825930845146337f4",
                "sha256:cc5eadfb38041f8366128786b4ca12700ed05bbf1403d808e89d57d67a3875a7"
            ],
            "version": "==1.5.0"
        },
        "pygments": {
            "hashes": [
                "sha256:b8e67fe6af78f492b3c4b3e2970c0624cbf08beb1e493b2c99b9fa1b67a20380",
                "sha256:f398865f7eb6874156579fdf36bc840a03cab64d1cde9e93d68f46a425ec52c6"
            ],
            "markers": "python_version >= '3.5'",
            "version": "==2.10.0"
        },
        "pyparsing": {
            "hashes": [
                "sha256:c203ec8783bf771a155b207279b9bccb8dea02d8f0c9e5f8ead507bc3246ecc1",
                "sha256:ef9d7589ef3c200abe66653d3f1ab1033c3c419ae9b9bdb1240a85b024efc88b"
            ],
            "markers": "python_version >= '2.6' and python_version not in '3.0, 3.1, 3.2, 3.3'",
            "version": "==2.4.7"
        },
        "pytz": {
            "hashes": [
                "sha256:3672058bc3453457b622aab7a1c3bfd5ab0bdae451512f6cf25f64ed37f5b87c",
                "sha256:acad2d8b20a1af07d4e4c9d2e9285c5ed9104354062f275f3fcd88dcef4f1326"
            ],
            "version": "==2021.3"
        },
        "requests": {
            "hashes": [
                "sha256:6c1246513ecd5ecd4528a0906f910e8f0f9c6b8ec72030dc9fd154dc1a6efd24",
                "sha256:b8aa58f8cf793ffd8782d3d8cb19e66ef36f7aba4353eec859e74678b01b07a7"
            ],
            "markers": "python_version >= '2.7' and python_version not in '3.0, 3.1, 3.2, 3.3, 3.4, 3.5'",
            "version": "==2.26.0"
        },
        "requests-toolbelt": {
            "hashes": [
                "sha256:380606e1d10dc85c3bd47bf5a6095f815ec007be7a8b69c878507068df059e6f",
                "sha256:968089d4584ad4ad7c171454f0a5c6dac23971e9472521ea3b6d49d610aa6fc0"
            ],
            "version": "==0.9.1"
        },
        "six": {
            "hashes": [
                "sha256:1e61c37477a1626458e36f7b1d82aa5c9b094fa4802892072e49de9c60c4c926",
                "sha256:8abb2f1d86890a2dfb989f9a77cfcfd3e47c2a354b01111771326f8aa26e0254"
            ],
            "markers": "python_version >= '2.7' and python_version not in '3.0, 3.1, 3.2, 3.3'",
            "version": "==1.16.0"
        },
        "snowballstemmer": {
            "hashes": [
                "sha256:b51b447bea85f9968c13b650126a888aabd4cb4463fca868ec596826325dedc2",
                "sha256:e997baa4f2e9139951b6f4c631bad912dfd3c792467e2f03d7239464af90e914"
            ],
            "version": "==2.1.0"
        },
        "sphinx": {
            "hashes": [
                "sha256:94078db9184491e15bce0a56d9186e0aec95f16ac20b12d00e06d4e36f1058a6",
                "sha256:98a535c62a4fcfcc362528592f69b26f7caec587d32cd55688db580be0287ae0"
            ],
            "version": "==4.2.0"
        },
        "sphinxcontrib-applehelp": {
            "hashes": [
                "sha256:806111e5e962be97c29ec4c1e7fe277bfd19e9652fb1a4392105b43e01af885a",
                "sha256:a072735ec80e7675e3f432fcae8610ecf509c5f1869d17e2eecff44389cdbc58"
            ],
            "markers": "python_version >= '3.5'",
            "version": "==1.0.2"
        },
        "sphinxcontrib-devhelp": {
            "hashes": [
                "sha256:8165223f9a335cc1af7ffe1ed31d2871f325254c0423bc0c4c7cd1c1e4734a2e",
                "sha256:ff7f1afa7b9642e7060379360a67e9c41e8f3121f2ce9164266f61b9f4b338e4"
            ],
            "markers": "python_version >= '3.5'",
            "version": "==1.0.2"
        },
        "sphinxcontrib-htmlhelp": {
            "hashes": [
                "sha256:d412243dfb797ae3ec2b59eca0e52dac12e75a241bf0e4eb861e450d06c6ed07",
                "sha256:f5f8bb2d0d629f398bf47d0d69c07bc13b65f75a81ad9e2f71a63d4b7a2f6db2"
            ],
            "markers": "python_version >= '3.6'",
            "version": "==2.0.0"
        },
        "sphinxcontrib-jsmath": {
            "hashes": [
                "sha256:2ec2eaebfb78f3f2078e73666b1415417a116cc848b72e5172e596c871103178",
                "sha256:a9925e4a4587247ed2191a22df5f6970656cb8ca2bd6284309578f2153e0c4b8"
            ],
            "markers": "python_version >= '3.5'",
            "version": "==1.0.1"
        },
        "sphinxcontrib-napoleon": {
            "hashes": [
                "sha256:614b779888629f14dfdfad6c17bffbb6d3813a0a0917a9541651d85384d4d6bd",
                "sha256:cbb31953b15d2102c18f16f02591f92e2614a08ef0218c9e514e2dc4c4f9daf9"
            ],
            "version": "==0.6.1"
        },
        "sphinxcontrib-qthelp": {
            "hashes": [
                "sha256:4c33767ee058b70dba89a6fc5c1892c0d57a54be67ddd3e7875a18d14cba5a72",
                "sha256:bd9fc24bcb748a8d51fd4ecaade681350aa63009a347a8c14e637895444dfab6"
            ],
            "markers": "python_version >= '3.5'",
            "version": "==1.0.3"
        },
        "sphinxcontrib-serializinghtml": {
            "hashes": [
                "sha256:352a9a00ae864471d3a7ead8d7d79f5fc0b57e8b3f95e9867eb9eb28999b92fd",
                "sha256:aa5f6de5dfdf809ef505c4895e51ef5c9eac17d0f287933eb49ec495280b6952"
            ],
            "markers": "python_version >= '3.5'",
            "version": "==1.1.5"
        },
        "testfixtures": {
            "hashes": [
                "sha256:2600100ae96ffd082334b378e355550fef8b4a529a6fa4c34f47130905c7426d",
                "sha256:6ddb7f56a123e1a9339f130a200359092bd0a6455e31838d6c477e8729bb7763"
            ],
            "version": "==6.18.3"
        },
        "tox": {
            "hashes": [
                "sha256:0001379c6dc21e69902e0279e7f91d420857bbb70901203564fb9e118c376dab",
                "sha256:916498d2971f44a76baf3773a700f775c2f51aa6cc20be1828309148fc412252"
            ],
            "version": "==2.6.0"
        },
        "twine": {
            "hashes": [
                "sha256:3202d943a144962a821d9c5e92e07f9442dbbe6d6f18eae74e2a725b9980c559",
                "sha256:68b663691a947b844f92853c992d42bb68b6333bffc9ab7f661346b001c1da82"
            ],
            "version": "==1.8.1"
        },
        "urllib3": {
            "hashes": [
                "sha256:4987c65554f7a2dbf30c18fd48778ef124af6fab771a377103da0585e2336ece",
                "sha256:c4fdf4019605b6e5423637e01bc9fe4daef873709a7973e195ceba0a62bbc844"
            ],
            "markers": "python_version >= '2.7' and python_version not in '3.0, 3.1, 3.2, 3.3, 3.4' and python_version < '4'",
            "version": "==1.26.7"
        },
        "virtualenv": {
            "hashes": [
                "sha256:10062e34c204b5e4ec5f62e6ef2473f8ba76513a9a617e873f1f8fb4a519d300",
                "sha256:bcc17f0b3a29670dd777d6f0755a4c04f28815395bca279cdcb213b97199a6b8"
            ],
            "markers": "python_version != '3.2'",
            "version": "==20.8.1"
        }
    }
}
